
Microsoft Visual Studio Solution File, Format Version 12.00
# Visual Studio Version 17
VisualStudioVersion = 17.0.32126.317
MinimumVisualStudioVersion = 10.0.40219.1
Project("{9A19103F-16F7-4668-BE54-9A1E7A4F7556}") = "Tk.Extensions", "src\Tk.Extensions\Tk.Extensions.csproj", "{32458E1B-D7C3-4F04-BA5E-8AF7A521C46C}"
EndProject
Project("{2150E333-8FDC-42A3-9474-1A3956D46DE8}") = "src", "src", "{EEFEF393-BB4B-43DD-B84D-DAA44F7DEC47}"
EndProject
Project("{2150E333-8FDC-42A3-9474-1A3956D46DE8}") = "tests", "tests", "{922CD308-88E8-4A66-9B4D-77598A27C904}"
EndProject
Project("{2150E333-8FDC-42A3-9474-1A3956D46DE8}") = "docs", "docs", "{76FE52F6-253C-4E12-A46D-FB968DC559F7}"
EndProject
Project("{2150E333-8FDC-42A3-9474-1A3956D46DE8}") = "build", "build", "{60BBCDF1-4E63-4796-A2EF-C703DA244EF1}"
	ProjectSection(SolutionItems) = preProject
		build.bat = build.bat
		build.fsx = build.fsx
		paket.dependencies = paket.dependencies
	EndProjectSection
EndProject
Project("{FAE04EC0-301F-11D3-BF4B-00C04F79EFBC}") = "Tk.Extensions.Tests", "test\Tk.Extensions.Tests\Tk.Extensions.Tests.csproj", "{573CA709-800B-44BF-9B1F-320B168262A3}"
EndProject
Global
	GlobalSection(SolutionConfigurationPlatforms) = preSolution
		Debug|Any CPU = Debug|Any CPU
		Release|Any CPU = Release|Any CPU
	EndGlobalSection
	GlobalSection(ProjectConfigurationPlatforms) = postSolution
		{32458E1B-D7C3-4F04-BA5E-8AF7A521C46C}.Debug|Any CPU.ActiveCfg = Debug|Any CPU
		{32458E1B-D7C3-4F04-BA5E-8AF7A521C46C}.Debug|Any CPU.Build.0 = Debug|Any CPU
		{32458E1B-D7C3-4F04-BA5E-8AF7A521C46C}.Release|Any CPU.ActiveCfg = Release|Any CPU
		{32458E1B-D7C3-4F04-BA5E-8AF7A521C46C}.Release|Any CPU.Build.0 = Release|Any CPU
		{573CA709-800B-44BF-9B1F-320B168262A3}.Debug|Any CPU.ActiveCfg = Debug|Any CPU
		{573CA709-800B-44BF-9B1F-320B168262A3}.Debug|Any CPU.Build.0 = Debug|Any CPU
		{573CA709-800B-44BF-9B1F-320B168262A3}.Release|Any CPU.ActiveCfg = Release|Any CPU
		{573CA709-800B-44BF-9B1F-320B168262A3}.Release|Any CPU.Build.0 = Release|Any CPU
	EndGlobalSection
	GlobalSection(SolutionProperties) = preSolution
		HideSolutionNode = FALSE
	EndGlobalSection
	GlobalSection(NestedProjects) = preSolution
		{32458E1B-D7C3-4F04-BA5E-8AF7A521C46C} = {EEFEF393-BB4B-43DD-B84D-DAA44F7DEC47}
		{573CA709-800B-44BF-9B1F-320B168262A3} = {922CD308-88E8-4A66-9B4D-77598A27C904}
	EndGlobalSection
	GlobalSection(ExtensibilityGlobals) = postSolution
		SolutionGuid = {520013B2-8781-4704-BDEE-302E70B728F6}
	EndGlobalSection
EndGlobal
